Microsoft Visual Studio Solution File, Format Version 12.00
# Visual Studio 15
Project("{FAE04EC0-301F-11D3-BF4B-00C04F79EFBC}") = "LazormGenerator", "Generator\LazormGenerator.csproj", "{6FAAB0FB-2B56-4B8A-BFC9-367AD0873FA5}"
EndProject
Project("{FAE04EC0-301F-11D3-BF4B-00C04F79EFBC}") = "LazormLib", "LazormLib\LazormLib.csproj", "{CB313252-A99B-4225-BA8D-B808D41636E7}"
EndProject
Project("{2150E333-8FDC-42A3-9474-1A3956D46DE8}") = "Solution Items", "Solution Items", "{62AA228C-FE1F-48DD-9490-C4F708EBA8D8}"
	ProjectSection(SolutionItems) = preProject
		nuget.config = nuget.config
	EndProjectSection
EndProject
Project("{FAE04EC0-301F-11D3-BF4B-00C04F79EFBC}") = "LazormFluxorGenerator", "LazormFluxorGenerator\LazormFluxorGenerator.csproj", "{D7AAC0D3-1D08-4B73-AE64-6B6751193028}"
EndProject
Project("{FAE04EC0-301F-11D3-BF4B-00C04F79EFBC}") = "LazormTest", "LazormTest\LazormTest.csproj", "{C38BAACE-3AB8-4341-8ACF-6E1FFF235CBC}"
EndProject
Project("{FAE04EC0-301F-11D3-BF4B-00C04F79EFBC}") = "LazormPageGenerator", "LazormPageGenerator\LazormPageGenerator.csproj", "{BD9D7180-83FE-4304-AC49-F20F321C0DEF}"
EndProject
Project("{FAE04EC0-301F-11D3-BF4B-00C04F79EFBC}") = "LazormBoilerplate", "LazormBoilerplate\LazormBoilerplate.csproj", "{8BA6D56B-DC12-4DAC-82DA-64E5E70F3F5D}"
EndProject
Global
	GlobalSection(SolutionConfigurationPlatforms) = preSolution
		Debug|Any CPU = Debug|Any CPU
		Release|Any CPU = Release|Any CPU
	EndGlobalSection
	GlobalSection(ProjectConfigurationPlatforms) = postSolution
		{6FAAB0FB-2B56-4B8A-BFC9-367AD0873FA5}.Debug|Any CPU.ActiveCfg = Debug|Any CPU
		{6FAAB0FB-2B56-4B8A-BFC9-367AD0873FA5}.Debug|Any CPU.Build.0 = Debug|Any CPU
		{6FAAB0FB-2B56-4B8A-BFC9-367AD0873FA5}.Release|Any CPU.ActiveCfg = Release|Any CPU
		{6FAAB0FB-2B56-4B8A-BFC9-367AD0873FA5}.Release|Any CPU.Build.0 = Release|Any CPU
		{CB313252-A99B-4225-BA8D-B808D41636E7}.Debug|Any CPU.ActiveCfg = Debug|Any CPU
		{CB313252-A99B-4225-BA8D-B808D41636E7}.Debug|Any CPU.Build.0 = Debug|Any CPU
		{CB313252-A99B-4225-BA8D-B808D41636E7}.Release|Any CPU.ActiveCfg = Release|Any CPU
		{CB313252-A99B-4225-BA8D-B808D41636E7}.Release|Any CPU.Build.0 = Release|Any CPU
		{D7AAC0D3-1D08-4B73-AE64-6B6751193028}.Release|Any CPU.ActiveCfg = Debug|Any CPU
		{D7AAC0D3-1D08-4B73-AE64-6B6751193028}.Release|Any CPU.Build.0 = Debug|Any CPU
		{D7AAC0D3-1D08-4B73-AE64-6B6751193028}.Debug|Any CPU.ActiveCfg = Debug|Any CPU
		{D7AAC0D3-1D08-4B73-AE64-6B6751193028}.Debug|Any CPU.Build.0 = Debug|Any CPU
		{C38BAACE-3AB8-4341-8ACF-6E1FFF235CBC}.Debug|Any CPU.ActiveCfg = Debug|Any CPU
		{C38BAACE-3AB8-4341-8ACF-6E1FFF235CBC}.Debug|Any CPU.Build.0 = Debug|Any CPU
		{C38BAACE-3AB8-4341-8ACF-6E1FFF235CBC}.Release|Any CPU.ActiveCfg = Release|Any CPU
		{C38BAACE-3AB8-4341-8ACF-6E1FFF235CBC}.Release|Any CPU.Build.0 = Release|Any CPU
		{BD9D7180-83FE-4304-AC49-F20F321C0DEF}.Debug|Any CPU.ActiveCfg = Debug|Any CPU
		{BD9D7180-83FE-4304-AC49-F20F321C0DEF}.Debug|Any CPU.Build.0 = Debug|Any CPU
		{BD9D7180-83FE-4304-AC49-F20F321C0DEF}.Release|Any CPU.ActiveCfg = Release|Any CPU
		{BD9D7180-83FE-4304-AC49-F20F321C0DEF}.Release|Any CPU.Build.0 = Release|Any CPU
		{8BA6D56B-DC12-4DAC-82DA-64E5E70F3F5D}.Debug|Any CPU.ActiveCfg = Debug|Any CPU
		{8BA6D56B-DC12-4DAC-82DA-64E5E70F3F5D}.Debug|Any CPU.Build.0 = Debug|Any CPU
		{8BA6D56B-DC12-4DAC-82DA-64E5E70F3F5D}.Release|Any CPU.ActiveCfg = Release|Any CPU
		{8BA6D56B-DC12-4DAC-82DA-64E5E70F3F5D}.Release|Any CPU.Build.0 = Release|Any CPU
	EndGlobalSection
	GlobalSection(MonoDevelopProperties) = preSolution
		description = Simplified alias class members
		version = 0.9.2
		Policies = $0
		$0.StandardHeader = $1
	EndGlobalSection
EndGlobal
